
Microsoft Visual Studio Solution File, Format Version 12.00
# Visual Studio Version 17
VisualStudioVersion = 17.9.34723.18
MinimumVisualStudioVersion = 10.0.40219.1
Project("{FAE04EC0-301F-11D3-BF4B-00C04F79EFBC}") = "STMS.Presentation", "StudentManagementSystem\STMS.Presentation.csproj", "{BC1B869B-B5D7-491E-BF4B-E3481F58AACA}"
EndProject
Project("{FAE04EC0-301F-11D3-BF4B-00C04F79EFBC}") = "STMS.Services", "STMS.Services\STMS.Services.csproj", "{CF717B09-3FBA-4F07-8403-98AAA71B1388}"
EndProject
Project("{FAE04EC0-301F-11D3-BF4B-00C04F79EFBC}") = "STMS.Persistence", "STMS.Persistence\STMS.Persistence.csproj", "{8DDE9B39-BA8A-4F08-A4A9-F53C753B9654}"
EndProject
Global
	GlobalSection(SolutionConfigurationPlatforms) = preSolution
		Debug|Any CPU = Debug|Any CPU
		Release|Any CPU = Release|Any CPU
	EndGlobalSection
	GlobalSection(ProjectConfigurationPlatforms) = postSolution
		{BC1B869B-B5D7-491E-BF4B-E3481F58AACA}.Debug|Any CPU.ActiveCfg = Debug|Any CPU
		{BC1B869B-B5D7-491E-BF4B-E3481F58AACA}.Debug|Any CPU.Build.0 = Debug|Any CPU
		{BC1B869B-B5D7-491E-BF4B-E3481F58AACA}.Release|Any CPU.ActiveCfg = Release|Any CPU
		{BC1B869B-B5D7-491E-BF4B-E3481F58AACA}.Release|Any CPU.Build.0 = Release|Any CPU
		{CF717B09-3FBA-4F07-8403-98AAA71B1388}.Debug|Any CPU.ActiveCfg = Debug|Any CPU
		{CF717B09-3FBA-4F07-8403-98AAA71B1388}.Debug|Any CPU.Build.0 = Debug|Any CPU
		{CF717B09-3FBA-4F07-8403-98AAA71B1388}.Release|Any CPU.ActiveCfg = Release|Any CPU
		{CF717B09-3FBA-4F07-8403-98AAA71B1388}.Release|Any CPU.Build.0 = Release|Any CPU
		{8DDE9B39-BA8A-4F08-A4A9-F53C753B9654}.Debug|Any CPU.ActiveCfg = Debug|Any CPU
		{8DDE9B39-BA8A-4F08-A4A9-F53C753B9654}.Debug|Any CPU.Build.0 = Debug|Any CPU
		{8DDE9B39-BA8A-4F08-A4A9-F53C753B9654}.Release|Any CPU.ActiveCfg = Release|Any CPU
		{8DDE9B39-BA8A-4F08-A4A9-F53C753B9654}.Release|Any CPU.Build.0 = Release|Any CPU
	EndGlobalSection
	GlobalSection(SolutionProperties) = preSolution
		HideSolutionNode = FALSE
	EndGlobalSection
	GlobalSection(ExtensibilityGlobals) = postSolution
		SolutionGuid = {7361EE4D-C68F-46B5-9A49-C4D1D912D7CE}
	EndGlobalSection
EndGlobal
